// !$*UTF8*$!
{
	archiveVersion = 1;
	classes = {
	};
	objectVersion = 46;
	objects = {

/* Begin PBXBuildFile section */
		3E0AA9461B57C9F5009A341D /* Gyro.swift in Sources */ = {isa = PBXBuildFile; fileRef = 3E0AA9451B57C9F5009A341D /* Gyro.swift */; };
		3E0AA9481B57CD66009A341D /* Magnetometer.swift in Sources */ = {isa = PBXBuildFile; fileRef = 3E0AA9471B57CD66009A341D /* Magnetometer.swift */; };
		3E0AA94A1B57D4B2009A341D /* ThreeAxisModeConvertor.swift in Sources */ = {isa = PBXBuildFile; fileRef = 3E0AA9491B57D4B2009A341D /* ThreeAxisModeConvertor.swift */; };
		3E0AA94C1B580B1A009A341D /* PositionSensor.swift in Sources */ = {isa = PBXBuildFile; fileRef = 3E0AA94B1B580B1A009A341D /* PositionSensor.swift */; };
		3E2FB6311B56706900EB3163 /* Accelerometer.swift in Sources */ = {isa = PBXBuildFile; fileRef = 3E2FB6301B56706900EB3163 /* Accelerometer.swift */; };
		3E57827A1C29A9B2006C1C92 /* DemoDevice.swift in Sources */ = {isa = PBXBuildFile; fileRef = 3E5782791C29A9B2006C1C92 /* DemoDevice.swift */; };
		3E57827C1C29E018006C1C92 /* template.csv in Resources */ = {isa = PBXBuildFile; fileRef = 3E57827B1C29E018006C1C92 /* template.csv */; };
		3E68BDE41B496D5D005F37A1 /* globals.swift in Sources */ = {isa = PBXBuildFile; fileRef = 3E68BDE31B496D5D005F37A1 /* globals.swift */; };
		3E68BDE91B4BF18E005F37A1 /* PLAdvPacketInterface.swift in Sources */ = {isa = PBXBuildFile; fileRef = 3E68BDE81B4BF18E005F37A1 /* PLAdvPacketInterface.swift */; };
		3E7EAFE81B374EB700E2E59C /* PLBleInterface.swift in Sources */ = {isa = PBXBuildFile; fileRef = 3E7EAFE71B374EB700E2E59C /* PLBleInterface.swift */; };
		3E883B011C00B4F800BFC207 /* Clock.swift in Sources */ = {isa = PBXBuildFile; fileRef = 3E883B001C00B4F800BFC207 /* Clock.swift */; };
		3EB2C9F11B3371260032B574 /* AdminTableViewController.swift in Sources */ = {isa = PBXBuildFile; fileRef = 3EB2C9F01B3371260032B574 /* AdminTableViewController.swift */; };
		3EDD3F731B2CA661007010A3 /* AppDelegate.swift in Sources */ = {isa = PBXBuildFile; fileRef = 3EDD3F721B2CA661007010A3 /* AppDelegate.swift */; };
		3EDD3F7A1B2CA661007010A3 /* Images.xcassets in Resources */ = {isa = PBXBuildFile; fileRef = 3EDD3F791B2CA661007010A3 /* Images.xcassets */; };
		3EDD3F7D1B2CA661007010A3 /* LaunchScreen.xib in Resources */ = {isa = PBXBuildFile; fileRef = 3EDD3F7B1B2CA661007010A3 /* LaunchScreen.xib */; };
		3EDD3F891B2CA661007010A3 /* Newton_s_AtticTests.swift in Sources */ = {isa = PBXBuildFile; fileRef = 3EDD3F881B2CA661007010A3 /* Newton_s_AtticTests.swift */; };
		3EDD3FA11B2CA67A007010A3 /* EmailViewController.swift in Sources */ = {isa = PBXBuildFile; fileRef = 3EDD3F921B2CA67A007010A3 /* EmailViewController.swift */; };
		3EDD3FA21B2CA67A007010A3 /* FileViewController.swift in Sources */ = {isa = PBXBuildFile; fileRef = 3EDD3F931B2CA67A007010A3 /* FileViewController.swift */; };
		3EDD3FA31B2CA67A007010A3 /* GraphViewController.swift in Sources */ = {isa = PBXBuildFile; fileRef = 3EDD3F941B2CA67A007010A3 /* GraphViewController.swift */; };
		3EDD3FA41B2CA67A007010A3 /* DashboardViewController.swift in Sources */ = {isa = PBXBuildFile; fileRef = 3EDD3F951B2CA67A007010A3 /* DashboardViewController.swift */; };
		3EDD3FA61B2CA67A007010A3 /* MainViewController.swift in Sources */ = {isa = PBXBuildFile; fileRef = 3EDD3F971B2CA67A007010A3 /* MainViewController.swift */; };
		3EDD3FA71B2CA67A007010A3 /* EnviroViewController.swift in Sources */ = {isa = PBXBuildFile; fileRef = 3EDD3F981B2CA67A007010A3 /* EnviroViewController.swift */; };
		3EDD3FA81B2CA67A007010A3 /* PhysicsLabDataViewController.swift in Sources */ = {isa = PBXBuildFile; fileRef = 3EDD3F991B2CA67A007010A3 /* PhysicsLabDataViewController.swift */; };
		3EDD3FA91B2CA67A007010A3 /* PhysicsLabBarViewController.swift in Sources */ = {isa = PBXBuildFile; fileRef = 3EDD3F9A1B2CA67A007010A3 /* PhysicsLabBarViewController.swift */; };
		3EDD3FAA1B2CA67A007010A3 /* GaugeView.swift in Sources */ = {isa = PBXBuildFile; fileRef = 3EDD3F9B1B2CA67A007010A3 /* GaugeView.swift */; };
		3EDD3FAB1B2CA67A007010A3 /* BleDevice.swift in Sources */ = {isa = PBXBuildFile; fileRef = 3EDD3F9C1B2CA67A007010A3 /* BleDevice.swift */; };
		3EDD3FAC1B2CA67A007010A3 /* BlueToothNeighborhood.swift in Sources */ = {isa = PBXBuildFile; fileRef = 3EDD3F9D1B2CA67A007010A3 /* BlueToothNeighborhood.swift */; };
		3EDD3FAD1B2CA67A007010A3 /* PhysicsLab.swift in Sources */ = {isa = PBXBuildFile; fileRef = 3EDD3F9E1B2CA67A007010A3 /* PhysicsLab.swift */; };
		3EDD3FAE1B2CA67A007010A3 /* CartHistory.swift in Sources */ = {isa = PBXBuildFile; fileRef = 3EDD3F9F1B2CA67A007010A3 /* CartHistory.swift */; };
		3EDD3FAF1B2CA67A007010A3 /* GraphView.swift in Sources */ = {isa = PBXBuildFile; fileRef = 3EDD3FA01B2CA67A007010A3 /* GraphView.swift */; };
		3EDD3FB11B2CA69C007010A3 /* Main.storyboard in Resources */ = {isa = PBXBuildFile; fileRef = 3EDD3FB01B2CA69C007010A3 /* Main.storyboard */; };
/* End PBXBuildFile section */

/* Begin PBXContainerItemProxy section */
		3EDD3F831B2CA661007010A3 /* PBXContainerItemProxy */ = {
			isa = PBXContainerItemProxy;
			containerPortal = 3EDD3F651B2CA661007010A3 /* Project object */;
			proxyType = 1;
			remoteGlobalIDString = 3EDD3F6C1B2CA661007010A3;
			remoteInfo = "Newton's Attic";
		};
/* End PBXContainerItemProxy section */

/* Begin PBXFileReference section */
		3E0AA9451B57C9F5009A341D /* Gyro.swift */ = {isa = PBXFileReference; fileEncoding = 4; lastKnownFileType = sourcecode.swift; path = Gyro.swift; sourceTree = "<group>"; };
		3E0AA9471B57CD66009A341D /* Magnetometer.swift */ = {isa = PBXFileReference; fileEncoding = 4; lastKnownFileType = sourcecode.swift; path = Magnetometer.swift; sourceTree = "<group>"; };
		3E0AA9491B57D4B2009A341D /* ThreeAxisModeConvertor.swift */ = {isa = PBXFileReference; fileEncoding = 4; lastKnownFileType = sourcecode.swift; path = ThreeAxisModeConvertor.swift; sourceTree = "<group>"; };
		3E0AA94B1B580B1A009A341D /* PositionSensor.swift */ = {isa = PBXFileReference; fileEncoding = 4; lastKnownFileType = sourcecode.swift; path = PositionSensor.swift; sourceTree = "<group>"; };
		3E2FB6301B56706900EB3163 /* Accelerometer.swift */ = {isa = PBXFileReference; fileEncoding = 4; lastKnownFileType = sourcecode.swift; path = Accelerometer.swift; sourceTree = "<group>"; };
		3E5782791C29A9B2006C1C92 /* DemoDevice.swift */ = {isa = PBXFileReference; fileEncoding = 4; lastKnownFileType = sourcecode.swift; path = DemoDevice.swift; sourceTree = "<group>"; };
		3E57827B1C29E018006C1C92 /* template.csv */ = {isa = PBXFileReference; fileEncoding = 4; lastKnownFileType = text; path = template.csv; sourceTree = "<group>"; };
		3E68BDE31B496D5D005F37A1 /* globals.swift */ = {isa = PBXFileReference; fileEncoding = 4; lastKnownFileType = sourcecode.swift; path = globals.swift; sourceTree = "<group>"; };
		3E68BDE81B4BF18E005F37A1 /* PLAdvPacketInterface.swift */ = {isa = PBXFileReference; fileEncoding = 4; lastKnownFileType = sourcecode.swift; path = PLAdvPacketInterface.swift; sourceTree = "<group>"; };
		3E7EAFE71B374EB700E2E59C /* PLBleInterface.swift */ = {isa = PBXFileReference; fileEncoding = 4; lastKnownFileType = sourcecode.swift; path = PLBleInterface.swift; sourceTree = "<group>"; };
		3E883B001C00B4F800BFC207 /* Clock.swift */ = {isa = PBXFileReference; fileEncoding = 4; lastKnownFileType = sourcecode.swift; path = Clock.swift; sourceTree = "<group>"; };
		3EB2C9F01B3371260032B574 /* AdminTableViewController.swift */ = {isa = PBXFileReference; fileEncoding = 4; lastKnownFileType = sourcecode.swift; path = AdminTableViewController.swift; sourceTree = "<group>"; };
		3EDD3F6D1B2CA661007010A3 /* Newton's Attic.app */ = {isa = PBXFileReference; explicitFileType = wrapper.application; includeInIndex = 0; path = "Newton's Attic.app"; sourceTree = BUILT_PRODUCTS_DIR; };
		3EDD3F711B2CA661007010A3 /* Info.plist */ = {isa = PBXFileReference; lastKnownFileType = text.plist.xml; path = Info.plist; sourceTree = "<group>"; };
		3EDD3F721B2CA661007010A3 /* AppDelegate.swift */ = {isa = PBXFileReference; lastKnownFileType = sourcecode.swift; path = AppDelegate.swift; sourceTree = "<group>"; };
		3EDD3F791B2CA661007010A3 /* Images.xcassets */ = {isa = PBXFileReference; lastKnownFileType = folder.assetcatalog; path = Images.xcassets; sourceTree = "<group>"; };
		3EDD3F7C1B2CA661007010A3 /* Base */ = {isa = PBXFileReference; lastKnownFileType = file.xib; name = Base; path = Base.lproj/LaunchScreen.xib; sourceTree = "<group>"; };
		3EDD3F821B2CA661007010A3 /* Newton's AtticTests.xctest */ = {isa = PBXFileReference; explicitFileType = wrapper.cfbundle; includeInIndex = 0; path = "Newton's AtticTests.xctest"; sourceTree = BUILT_PRODUCTS_DIR; };
		3EDD3F871B2CA661007010A3 /* Info.plist */ = {isa = PBXFileReference; lastKnownFileType = text.plist.xml; path = Info.plist; sourceTree = "<group>"; };
		3EDD3F881B2CA661007010A3 /* Newton_s_AtticTests.swift */ = {isa = PBXFileReference; lastKnownFileType = sourcecode.swift; path = Newton_s_AtticTests.swift; sourceTree = "<group>"; };
		3EDD3F921B2CA67A007010A3 /* EmailViewController.swift */ = {isa = PBXFileReference; fileEncoding = 4; lastKnownFileType = sourcecode.swift; path = EmailViewController.swift; sourceTree = "<group>"; };
		3EDD3F931B2CA67A007010A3 /* FileViewController.swift */ = {isa = PBXFileReference; fileEncoding = 4; lastKnownFileType = sourcecode.swift; path = FileViewController.swift; sourceTree = "<group>"; };
		3EDD3F941B2CA67A007010A3 /* GraphViewController.swift */ = {isa = PBXFileReference; fileEncoding = 4; lastKnownFileType = sourcecode.swift; path = GraphViewController.swift; sourceTree = "<group>"; };
		3EDD3F951B2CA67A007010A3 /* DashboardViewController.swift */ = {isa = PBXFileReference; fileEncoding = 4; lastKnownFileType = sourcecode.swift; path = DashboardViewController.swift; sourceTree = "<group>"; };
		3EDD3F971B2CA67A007010A3 /* MainViewController.swift */ = {isa = PBXFileReference; fileEncoding = 4; lastKnownFileType = sourcecode.swift; path = MainViewController.swift; sourceTree = "<group>"; };
		3EDD3F981B2CA67A007010A3 /* EnviroViewController.swift */ = {isa = PBXFileReference; fileEncoding = 4; lastKnownFileType = sourcecode.swift; path = EnviroViewController.swift; sourceTree = "<group>"; };
		3EDD3F991B2CA67A007010A3 /* PhysicsLabDataViewController.swift */ = {isa = PBXFileReference; fileEncoding = 4; lastKnownFileType = sourcecode.swift; path = PhysicsLabDataViewController.swift; sourceTree = "<group>"; };
		3EDD3F9A1B2CA67A007010A3 /* PhysicsLabBarViewController.swift */ = {isa = PBXFileReference; fileEncoding = 4; lastKnownFileType = sourcecode.swift; path = PhysicsLabBarViewController.swift; sourceTree = "<group>"; };
		3EDD3F9B1B2CA67A007010A3 /* GaugeView.swift */ = {isa = PBXFileReference; fileEncoding = 4; lastKnownFileType = sourcecode.swift; path = GaugeView.swift; sourceTree = "<group>"; };
		3EDD3F9C1B2CA67A007010A3 /* BleDevice.swift */ = {isa = PBXFileReference; fileEncoding = 4; lastKnownFileType = sourcecode.swift; path = BleDevice.swift; sourceTree = "<group>"; };
		3EDD3F9D1B2CA67A007010A3 /* BlueToothNeighborhood.swift */ = {isa = PBXFileReference; fileEncoding = 4; lastKnownFileType = sourcecode.swift; path = BlueToothNeighborhood.swift; sourceTree = "<group>"; };
		3EDD3F9E1B2CA67A007010A3 /* PhysicsLab.swift */ = {isa = PBXFileReference; fileEncoding = 4; lastKnownFileType = sourcecode.swift; path = PhysicsLab.swift; sourceTree = "<group>"; };
		3EDD3F9F1B2CA67A007010A3 /* CartHistory.swift */ = {isa = PBXFileReference; fileEncoding = 4; lastKnownFileType = sourcecode.swift; path = CartHistory.swift; sourceTree = "<group>"; };
		3EDD3FA01B2CA67A007010A3 /* GraphView.swift */ = {isa = PBXFileReference; fileEncoding = 4; lastKnownFileType = sourcecode.swift; path = GraphView.swift; sourceTree = "<group>"; };
		3EDD3FB01B2CA69C007010A3 /* Main.storyboard */ = {isa = PBXFileReference; fileEncoding = 4; lastKnownFileType = file.storyboard; path = Main.storyboard; sourceTree = "<group>"; };
/* End PBXFileReference section */

/* Begin PBXFrameworksBuildPhase section */
		3EDD3F6A1B2CA661007010A3 /* Frameworks */ = {
			isa = PBXFrameworksBuildPhase;
			buildActionMask = 2147483647;
			files = (
			);
			runOnlyForDeploymentPostprocessing = 0;
		};
		3EDD3F7F1B2CA661007010A3 /* Frameworks */ = {
			isa = PBXFrameworksBuildPhase;
			buildActionMask = 2147483647;
			files = (
			);
			runOnlyForDeploymentPostprocessing = 0;
		};
/* End PBXFrameworksBuildPhase section */

/* Begin PBXGroup section */
		3E68BDE51B49C021005F37A1 /* ViewControllers */ = {
			isa = PBXGroup;
			children = (
				3EDD3FB01B2CA69C007010A3 /* Main.storyboard */,
				3EB2C9F01B3371260032B574 /* AdminTableViewController.swift */,
				3EDD3F921B2CA67A007010A3 /* EmailViewController.swift */,
				3EDD3F931B2CA67A007010A3 /* FileViewController.swift */,
				3EDD3F941B2CA67A007010A3 /* GraphViewController.swift */,
				3EDD3F951B2CA67A007010A3 /* DashboardViewController.swift */,
				3EDD3F971B2CA67A007010A3 /* MainViewController.swift */,
				3EDD3F981B2CA67A007010A3 /* EnviroViewController.swift */,
				3EDD3F991B2CA67A007010A3 /* PhysicsLabDataViewController.swift */,
				3EDD3F9A1B2CA67A007010A3 /* PhysicsLabBarViewController.swift */,
			);
			name = ViewControllers;
			sourceTree = "<group>";
		};
		3E68BDE61B49C049005F37A1 /* Model */ = {
			isa = PBXGroup;
			children = (
				3E883B001C00B4F800BFC207 /* Clock.swift */,
				3EDD3F9E1B2CA67A007010A3 /* PhysicsLab.swift */,
				3EDD3F9D1B2CA67A007010A3 /* BlueToothNeighborhood.swift */,
				3EDD3F9C1B2CA67A007010A3 /* BleDevice.swift */,
				3E68BDE81B4BF18E005F37A1 /* PLAdvPacketInterface.swift */,
				3E7EAFE71B374EB700E2E59C /* PLBleInterface.swift */,
				3EDD3F9F1B2CA67A007010A3 /* CartHistory.swift */,
				3E2FB6301B56706900EB3163 /* Accelerometer.swift */,
				3E0AA9471B57CD66009A341D /* Magnetometer.swift */,
				3E0AA94B1B580B1A009A341D /* PositionSensor.swift */,
				3E0AA9451B57C9F5009A341D /* Gyro.swift */,
				3E0AA9491B57D4B2009A341D /* ThreeAxisModeConvertor.swift */,
				3E5782791C29A9B2006C1C92 /* DemoDevice.swift */,
			);
			name = Model;
			sourceTree = "<group>";
		};
		3E68BDE71B49C070005F37A1 /* Views */ = {
			isa = PBXGroup;
			children = (
				3EDD3F9B1B2CA67A007010A3 /* GaugeView.swift */,
				3EDD3FA01B2CA67A007010A3 /* GraphView.swift */,
			);
			name = Views;
			sourceTree = "<group>";
		};
		3EDD3F641B2CA661007010A3 = {
			isa = PBXGroup;
			children = (
				3EDD3F6F1B2CA661007010A3 /* Newton's Attic */,
				3EDD3F851B2CA661007010A3 /* Newton's AtticTests */,
				3EDD3F6E1B2CA661007010A3 /* Products */,
			);
			sourceTree = "<group>";
		};
		3EDD3F6E1B2CA661007010A3 /* Products */ = {
			isa = PBXGroup;
			children = (
				3EDD3F6D1B2CA661007010A3 /* Newton's Attic.app */,
				3EDD3F821B2CA661007010A3 /* Newton's AtticTests.xctest */,
			);
			name = Products;
			sourceTree = "<group>";
		};
		3EDD3F6F1B2CA661007010A3 /* Newton's Attic */ = {
			isa = PBXGroup;
			children = (
				3E68BDE31B496D5D005F37A1 /* globals.swift */,
				3E68BDE51B49C021005F37A1 /* ViewControllers */,
				3E68BDE71B49C070005F37A1 /* Views */,
				3E68BDE61B49C049005F37A1 /* Model */,
				3EDD3F791B2CA661007010A3 /* Images.xcassets */,
				3E57827B1C29E018006C1C92 /* template.csv */,
				3EDD3F701B2CA661007010A3 /* Supporting Files */,
			);
			path = "Newton's Attic";
			sourceTree = "<group>";
		};
		3EDD3F701B2CA661007010A3 /* Supporting Files */ = {
			isa = PBXGroup;
			children = (
				3EDD3F721B2CA661007010A3 /* AppDelegate.swift */,
				3EDD3F7B1B2CA661007010A3 /* LaunchScreen.xib */,
				3EDD3F711B2CA661007010A3 /* Info.plist */,
			);
			name = "Supporting Files";
			sourceTree = "<group>";
		};
		3EDD3F851B2CA661007010A3 /* Newton's AtticTests */ = {
			isa = PBXGroup;
			children = (
				3EDD3F881B2CA661007010A3 /* Newton_s_AtticTests.swift */,
				3EDD3F861B2CA661007010A3 /* Supporting Files */,
			);
			path = "Newton's AtticTests";
			sourceTree = "<group>";
		};
		3EDD3F861B2CA661007010A3 /* Supporting Files */ = {
			isa = PBXGroup;
			children = (
				3EDD3F871B2CA661007010A3 /* Info.plist */,
			);
			name = "Supporting Files";
			sourceTree = "<group>";
		};
/* End PBXGroup section */

/* Begin PBXNativeTarget section */
		3EDD3F6C1B2CA661007010A3 /* Newton's Attic */ = {
			isa = PBXNativeTarget;
			buildConfigurationList = 3EDD3F8C1B2CA661007010A3 /* Build configuration list for PBXNativeTarget "Newton's Attic" */;
			buildPhases = (
				3EDD3F691B2CA661007010A3 /* Sources */,
				3EDD3F6A1B2CA661007010A3 /* Frameworks */,
				3EDD3F6B1B2CA661007010A3 /* Resources */,
			);
			buildRules = (
			);
			dependencies = (
			);
			name = "Newton's Attic";
			productName = "Newton's Attic";
			productReference = 3EDD3F6D1B2CA661007010A3 /* Newton's Attic.app */;
			productType = "com.apple.product-type.application";
		};
		3EDD3F811B2CA661007010A3 /* Newton's AtticTests */ = {
			isa = PBXNativeTarget;
			buildConfigurationList = 3EDD3F8F1B2CA661007010A3 /* Build configuration list for PBXNativeTarget "Newton's AtticTests" */;
			buildPhases = (
				3EDD3F7E1B2CA661007010A3 /* Sources */,
				3EDD3F7F1B2CA661007010A3 /* Frameworks */,
				3EDD3F801B2CA661007010A3 /* Resources */,
			);
			buildRules = (
			);
			dependencies = (
				3EDD3F841B2CA661007010A3 /* PBXTargetDependency */,
			);
			name = "Newton's AtticTests";
			productName = "Newton's AtticTests";
			productReference = 3EDD3F821B2CA661007010A3 /* Newton's AtticTests.xctest */;
			productType = "com.apple.product-type.bundle.unit-test";
		};
/* End PBXNativeTarget section */

/* Begin PBXProject section */
		3EDD3F651B2CA661007010A3 /* Project object */ = {
			isa = PBXProject;
			attributes = {
				LastSwiftMigration = 0700;
				LastSwiftUpdateCheck = 0700;
				LastUpgradeCheck = 0700;
				ORGANIZATIONNAME = "Elkhorn Creek Engineering";
				TargetAttributes = {
					3EDD3F6C1B2CA661007010A3 = {
						CreatedOnToolsVersion = 6.3.1;
					};
					3EDD3F811B2CA661007010A3 = {
						CreatedOnToolsVersion = 6.3.1;
						TestTargetID = 3EDD3F6C1B2CA661007010A3;
					};
				};
			};
			buildConfigurationList = 3EDD3F681B2CA661007010A3 /* Build configuration list for PBXProject "Newton's Attic" */;
			compatibilityVersion = "Xcode 3.2";
			developmentRegion = English;
			hasScannedForEncodings = 0;
			knownRegions = (
				en,
				Base,
			);
			mainGroup = 3EDD3F641B2CA661007010A3;
			productRefGroup = 3EDD3F6E1B2CA661007010A3 /* Products */;
			projectDirPath = "";
			projectRoot = "";
			targets = (
				3EDD3F6C1B2CA661007010A3 /* Newton's Attic */,
				3EDD3F811B2CA661007010A3 /* Newton's AtticTests */,
			);
		};
/* End PBXProject section */

/* Begin PBXResourcesBuildPhase section */
		3EDD3F6B1B2CA661007010A3 /* Resources */ = {
			isa = PBXResourcesBuildPhase;
			buildActionMask = 2147483647;
			files = (
				3EDD3FB11B2CA69C007010A3 /* Main.storyboard in Resources */,
				3EDD3F7D1B2CA661007010A3 /* LaunchScreen.xib in Resources */,
				3E57827C1C29E018006C1C92 /* template.csv in Resources */,
				3EDD3F7A1B2CA661007010A3 /* Images.xcassets in Resources */,
			);
			runOnlyForDeploymentPostprocessing = 0;
		};
		3EDD3F801B2CA661007010A3 /* Resources */ = {
			isa = PBXResourcesBuildPhase;
			buildActionMask = 2147483647;
			files = (
			);
			runOnlyForDeploymentPostprocessing = 0;
		};
/* End PBXResourcesBuildPhase section */

/* Begin PBXSourcesBuildPhase section */
		3EDD3F691B2CA661007010A3 /* Sources */ = {
			isa = PBXSourcesBuildPhase;
			buildActionMask = 2147483647;
			files = (
				3EDD3FAC1B2CA67A007010A3 /* BlueToothNeighborhood.swift in Sources */,
				3E7EAFE81B374EB700E2E59C /* PLBleInterface.swift in Sources */,
				3EDD3FA41B2CA67A007010A3 /* DashboardViewController.swift in Sources */,
				3E0AA94A1B57D4B2009A341D /* ThreeAxisModeConvertor.swift in Sources */,
				3EDD3FA31B2CA67A007010A3 /* GraphViewController.swift in Sources */,
				3E68BDE91B4BF18E005F37A1 /* PLAdvPacketInterface.swift in Sources */,
				3E0AA94C1B580B1A009A341D /* PositionSensor.swift in Sources */,
				3EDD3FA11B2CA67A007010A3 /* EmailViewController.swift in Sources */,
				3EDD3FA81B2CA67A007010A3 /* PhysicsLabDataViewController.swift in Sources */,
				3EDD3FAD1B2CA67A007010A3 /* PhysicsLab.swift in Sources */,
				3EDD3FAE1B2CA67A007010A3 /* CartHistory.swift in Sources */,
				3EB2C9F11B3371260032B574 /* AdminTableViewController.swift in Sources */,
				3EDD3FA21B2CA67A007010A3 /* FileViewController.swift in Sources */,
				3EDD3F731B2CA661007010A3 /* AppDelegate.swift in Sources */,
				3EDD3FA91B2CA67A007010A3 /* PhysicsLabBarViewController.swift in Sources */,
				3E0AA9481B57CD66009A341D /* Magnetometer.swift in Sources */,
				3E0AA9461B57C9F5009A341D /* Gyro.swift in Sources */,
				3EDD3FA61B2CA67A007010A3 /* MainViewController.swift in Sources */,
				3E57827A1C29A9B2006C1C92 /* DemoDevice.swift in Sources */,
				3EDD3FAF1B2CA67A007010A3 /* GraphView.swift in Sources */,
				3EDD3FAA1B2CA67A007010A3 /* GaugeView.swift in Sources */,
				3E68BDE41B496D5D005F37A1 /* globals.swift in Sources */,
				3E2FB6311B56706900EB3163 /* Accelerometer.swift in Sources */,
				3EDD3FAB1B2CA67A007010A3 /* BleDevice.swift in Sources */,
				3EDD3FA71B2CA67A007010A3 /* EnviroViewController.swift in Sources */,
				3E883B011C00B4F800BFC207 /* Clock.swift in Sources */,
			);
			runOnlyForDeploymentPostprocessing = 0;
		};
		3EDD3F7E1B2CA661007010A3 /* Sources */ = {
			isa = PBXSourcesBuildPhase;
			buildActionMask = 2147483647;
			files = (
				3EDD3F891B2CA661007010A3 /* Newton_s_AtticTests.swift in Sources */,
			);
			runOnlyForDeploymentPostprocessing = 0;
		};
/* End PBXSourcesBuildPhase section */

/* Begin PBXTargetDependency section */
		3EDD3F841B2CA661007010A3 /* PBXTargetDependency */ = {
			isa = PBXTargetDependency;
			target = 3EDD3F6C1B2CA661007010A3 /* Newton's Attic */;
			targetProxy = 3EDD3F831B2CA661007010A3 /* PBXContainerItemProxy */;
		};
/* End PBXTargetDependency section */

/* Begin PBXVariantGroup section */
		3EDD3F7B1B2CA661007010A3 /* LaunchScreen.xib */ = {
			isa = PBXVariantGroup;
			children = (
				3EDD3F7C1B2CA661007010A3 /* Base */,
			);
			name = LaunchScreen.xib;
			sourceTree = "<group>";
		};
/* End PBXVariantGroup section */

/* Begin XCBuildConfiguration section */
		3EDD3F8A1B2CA661007010A3 /* Debug */ = {
			isa = XCBuildConfiguration;
			buildSettings = {
				ALWAYS_SEARCH_USER_PATHS = NO;
				CLANG_CXX_LANGUAGE_STANDARD = "gnu++0x";
				CLANG_CXX_LIBRARY = "libc++";
				CLANG_ENABLE_MODULES = YES;
				CLANG_ENABLE_OBJC_ARC = YES;
				CLANG_WARN_BOOL_CONVERSION = YES;
				CLANG_WARN_CONSTANT_CONVERSION = YES;
				CLANG_WARN_DIRECT_OBJC_ISA_USAGE = YES_ERROR;
				CLANG_WARN_EMPTY_BODY = YES;
				CLANG_WARN_ENUM_CONVERSION = YES;
				CLANG_WARN_INT_CONVERSION = YES;
				CLANG_WARN_OBJC_ROOT_CLASS = YES_ERROR;
				CLANG_WARN_UNREACHABLE_CODE = YES;
				CLANG_WARN__DUPLICATE_METHOD_MATCH = YES;
				"CODE_SIGN_IDENTITY[sdk=iphoneos*]" = "iPhone Developer";
				COPY_PHASE_STRIP = NO;
				DEBUG_INFORMATION_FORMAT = "dwarf-with-dsym";
				ENABLE_STRICT_OBJC_MSGSEND = YES;
				ENABLE_TESTABILITY = YES;
				GCC_C_LANGUAGE_STANDARD = gnu99;
				GCC_DYNAMIC_NO_PIC = NO;
				GCC_NO_COMMON_BLOCKS = YES;
				GCC_OPTIMIZATION_LEVEL = 0;
				GCC_PREPROCESSOR_DEFINITIONS = (
					"DEBUG=1",
					"$(inherited)",
				);
				GCC_SYMBOLS_PRIVATE_EXTERN = NO;
				GCC_WARN_64_TO_32_BIT_CONVERSION = YES;
				GCC_WARN_ABOUT_RETURN_TYPE = YES_ERROR;
				GCC_WARN_UNDECLARED_SELECTOR = YES;
				GCC_WARN_UNINITIALIZED_AUTOS = YES_AGGRESSIVE;
				GCC_WARN_UNUSED_FUNCTION = YES;
				GCC_WARN_UNUSED_VARIABLE = YES;
				IPHONEOS_DEPLOYMENT_TARGET = 9.0;
				MTL_ENABLE_DEBUG_INFO = YES;
				ONLY_ACTIVE_ARCH = YES;
				SDKROOT = iphoneos;
				SWIFT_OPTIMIZATION_LEVEL = "-Onone";
				TARGETED_DEVICE_FAMILY = "1,2";
			};
			name = Debug;
		};
		3EDD3F8B1B2CA661007010A3 /* Release */ = {
			isa = XCBuildConfiguration;
			buildSettings = {
				ALWAYS_SEARCH_USER_PATHS = NO;
				CLANG_CXX_LANGUAGE_STANDARD = "gnu++0x";
				CLANG_CXX_LIBRARY = "libc++";
				CLANG_ENABLE_MODULES = YES;
				CLANG_ENABLE_OBJC_ARC = YES;
				CLANG_WARN_BOOL_CONVERSION = YES;
				CLANG_WARN_CONSTANT_CONVERSION = YES;
				CLANG_WARN_DIRECT_OBJC_ISA_USAGE = YES_ERROR;
				CLANG_WARN_EMPTY_BODY = YES;
				CLANG_WARN_ENUM_CONVERSION = YES;
				CLANG_WARN_INT_CONVERSION = YES;
				CLANG_WARN_OBJC_ROOT_CLASS = YES_ERROR;
				CLANG_WARN_UNREACHABLE_CODE = YES;
				CLANG_WARN__DUPLICATE_METHOD_MATCH = YES;
				"CODE_SIGN_IDENTITY[sdk=iphoneos*]" = "iPhone Developer";
				COPY_PHASE_STRIP = NO;
				DEBUG_INFORMATION_FORMAT = "dwarf-with-dsym";
				ENABLE_NS_ASSERTIONS = NO;
				ENABLE_STRICT_OBJC_MSGSEND = YES;
				GCC_C_LANGUAGE_STANDARD = gnu99;
				GCC_NO_COMMON_BLOCKS = YES;
				GCC_WARN_64_TO_32_BIT_CONVERSION = YES;
				GCC_WARN_ABOUT_RETURN_TYPE = YES_ERROR;
				GCC_WARN_UNDECLARED_SELECTOR = YES;
				GCC_WARN_UNINITIALIZED_AUTOS = YES_AGGRESSIVE;
				GCC_WARN_UNUSED_FUNCTION = YES;
				GCC_WARN_UNUSED_VARIABLE = YES;
				IPHONEOS_DEPLOYMENT_TARGET = 9.0;
				MTL_ENABLE_DEBUG_INFO = NO;
				SDKROOT = iphoneos;
				TARGETED_DEVICE_FAMILY = "1,2";
				VALIDATE_PRODUCT = YES;
			};
			name = Release;
		};
		3EDD3F8D1B2CA661007010A3 /* Debug */ = {
			isa = XCBuildConfiguration;
			buildSettings = {
				ASSETCATALOG_COMPILER_APPICON_NAME = AppIcon;
				CODE_SIGN_IDENTITY = "iPhone Developer";
				INFOPLIST_FILE = "Newton's Attic/Info.plist";
				IPHONEOS_DEPLOYMENT_TARGET = 9.1;
				LD_RUNPATH_SEARCH_PATHS = "$(inherited) @executable_path/Frameworks";
				"MTL_ENABLE_DEBUG_INFO[arch=*]" = YES;
				PRODUCT_BUNDLE_IDENTIFIER = "org.elkhorn-creek.$(PRODUCT_NAME:rfc1034identifier)";
				PRODUCT_NAME = "$(TARGET_NAME)";
			};
			name = Debug;
		};
		3EDD3F8E1B2CA661007010A3 /* Release */ = {
			isa = XCBuildConfiguration;
			buildSettings = {
				ASSETCATALOG_COMPILER_APPICON_NAME = AppIcon;
				CODE_SIGN_IDENTITY = "iPhone Developer";
				INFOPLIST_FILE = "Newton's Attic/Info.plist";
				IPHONEOS_DEPLOYMENT_TARGET = 9.1;
				LD_RUNPATH_SEARCH_PATHS = "$(inherited) @executable_path/Frameworks";
				"MTL_ENABLE_DEBUG_INFO[arch=*]" = NO;
				PRODUCT_BUNDLE_IDENTIFIER = "org.elkhorn-creek.$(PRODUCT_NAME:rfc1034identifier)";
				PRODUCT_NAME = "$(TARGET_NAME)";
			};
			name = Release;
		};
		3EDD3F901B2CA661007010A3 /* Debug */ = {
			isa = XCBuildConfiguration;
			buildSettings = {
				BUNDLE_LOADER = "$(TEST_HOST)";
				FRAMEWORK_SEARCH_PATHS = "$(inherited)";
				GCC_PREPROCESSOR_DEFINITIONS = (
					"DEBUG=1",
					"$(inherited)",
				);
				INFOPLIST_FILE = "Newton's AtticTests/Info.plist";
				LD_RUNPATH_SEARCH_PATHS = "$(inherited) @executable_path/Frameworks @loader_path/Frameworks";
				PRODUCT_BUNDLE_IDENTIFIER = "org.elkhorn-creek.$(PRODUCT_NAME:rfc1034identifier)";
				PRODUCT_NAME = "$(TARGET_NAME)";
				TEST_HOST = "$(BUILT_PRODUCTS_DIR)/Newton's Attic.app/Newton's Attic";
			};
			name = Debug;
		};
		3EDD3F911B2CA661007010A3 /* Release */ = {
			isa = XCBuildConfiguration;
			buildSettings = {
				BUNDLE_LOADER = "$(TEST_HOST)";
				FRAMEWORK_SEARCH_PATHS = "$(inherited)";
				INFOPLIST_FILE = "Newton's AtticTests/Info.plist";
				LD_RUNPATH_SEARCH_PATHS = "$(inherited) @executable_path/Frameworks @loader_path/Frameworks";
				PRODUCT_BUNDLE_IDENTIFIER = "org.elkhorn-creek.$(PRODUCT_NAME:rfc1034identifier)";
				PRODUCT_NAME = "$(TARGET_NAME)";
				TEST_HOST = "$(BUILT_PRODUCTS_DIR)/Newton's Attic.app/Newton's Attic";
			};
			name = Release;
		};
/* End XCBuildConfiguration section */

/* Begin XCConfigurationList section */
		3EDD3F681B2CA661007010A3 /* Build configuration list for PBXProject "Newton's Attic" */ = {
			isa = XCConfigurationList;
			buildConfigurations = (
				3EDD3F8A1B2CA661007010A3 /* Debug */,
				3EDD3F8B1B2CA661007010A3 /* Release */,
			);
			defaultConfigurationIsVisible = 0;
			defaultConfigurationName = Release;
		};
		3EDD3F8C1B2CA661007010A3 /* Build configuration list for PBXNativeTarget "Newton's Attic" */ = {
			isa = XCConfigurationList;
			buildConfigurations = (
				3EDD3F8D1B2CA661007010A3 /* Debug */,
				3EDD3F8E1B2CA661007010A3 /* Release */,
			);
			defaultConfigurationIsVisible = 0;
			defaultConfigurationName = Release;
		};
		3EDD3F8F1B2CA661007010A3 /* Build configuration list for PBXNativeTarget "Newton's AtticTests" */ = {
			isa = XCConfigurationList;
			buildConfigurations = (
				3EDD3F901B2CA661007010A3 /* Debug */,
				3EDD3F911B2CA661007010A3 /* Release */,
			);
			defaultConfigurationIsVisible = 0;
			defaultConfigurationName = Release;
		};
/* End XCConfigurationList section */
	};
	rootObject = 3EDD3F651B2CA661007010A3 /* Project object */;
}
