// !$*UTF8*$!
{
	archiveVersion = 1;
	classes = {
	};
	objectVersion = 46;
	objects = {

/* Begin PBXBuildFile section */
		3E1541A51B1B36C000FAE4C8 /* FileViewController.swift in Sources */ = {isa = PBXBuildFile; fileRef = 3E1541A41B1B36C000FAE4C8 /* FileViewController.swift */; };
		3E1541A71B1DD9F000FAE4C8 /* EmailViewController.swift in Sources */ = {isa = PBXBuildFile; fileRef = 3E1541A61B1DD9F000FAE4C8 /* EmailViewController.swift */; };
		3E2111B61B00AF2400DB2AF8 /* AdminViewController.swift in Sources */ = {isa = PBXBuildFile; fileRef = 3E2111B51B00AF2400DB2AF8 /* AdminViewController.swift */; };
		3E2111B81B06238500DB2AF8 /* DashboardViewController.swift in Sources */ = {isa = PBXBuildFile; fileRef = 3E2111B71B06238500DB2AF8 /* DashboardViewController.swift */; };
		3E2111BA1B0623E600DB2AF8 /* GaugeView.swift in Sources */ = {isa = PBXBuildFile; fileRef = 3E2111B91B0623E600DB2AF8 /* GaugeView.swift */; };
		3E4671C71AF69B96005BC851 /* AppDelegate.swift in Sources */ = {isa = PBXBuildFile; fileRef = 3E4671C61AF69B96005BC851 /* AppDelegate.swift */; };
		3E4671C91AF69B96005BC851 /* MainViewController.swift in Sources */ = {isa = PBXBuildFile; fileRef = 3E4671C81AF69B96005BC851 /* MainViewController.swift */; };
		3E4671CC1AF69B96005BC851 /* Main.storyboard in Resources */ = {isa = PBXBuildFile; fileRef = 3E4671CA1AF69B96005BC851 /* Main.storyboard */; };
		3E4671CE1AF69B96005BC851 /* Images.xcassets in Resources */ = {isa = PBXBuildFile; fileRef = 3E4671CD1AF69B96005BC851 /* Images.xcassets */; };
		3E4671D11AF69B96005BC851 /* LaunchScreen.xib in Resources */ = {isa = PBXBuildFile; fileRef = 3E4671CF1AF69B96005BC851 /* LaunchScreen.xib */; };
		3E4671E71AF69D94005BC851 /* PhysicsLab.swift in Sources */ = {isa = PBXBuildFile; fileRef = 3E4671E61AF69D94005BC851 /* PhysicsLab.swift */; };
		3E4671E91AF69DE1005BC851 /* BlueToothNeighborhood.swift in Sources */ = {isa = PBXBuildFile; fileRef = 3E4671E81AF69DE1005BC851 /* BlueToothNeighborhood.swift */; };
		3E4671EF1AF8E56F005BC851 /* BleDevice.swift in Sources */ = {isa = PBXBuildFile; fileRef = 3E4671EE1AF8E56F005BC851 /* BleDevice.swift */; };
		3E48DED61B0F5BAF0021AE72 /* GraphViewController.swift in Sources */ = {isa = PBXBuildFile; fileRef = 3E48DED51B0F5BAF0021AE72 /* GraphViewController.swift */; };
		3E48DED81B0F5D4F0021AE72 /* CartHistory.swift in Sources */ = {isa = PBXBuildFile; fileRef = 3E48DED71B0F5D4F0021AE72 /* CartHistory.swift */; };
		3E48DEDC1B0F93DE0021AE72 /* GraphView.swift in Sources */ = {isa = PBXBuildFile; fileRef = 3E48DEDA1B0F93DE0021AE72 /* GraphView.swift */; };
		3E8386C21B2C8E0E000D6341 /* Newtons-AtticTests.swift in Sources */ = {isa = PBXBuildFile; fileRef = 3E8386C11B2C8E0E000D6341 /* Newtons-AtticTests.swift */; };
		3E8386C41B2C8E5F000D6341 /* Info.plist in Resources */ = {isa = PBXBuildFile; fileRef = 3E8386C31B2C8E5F000D6341 /* Info.plist */; };
		3EB4BF771AFE37A8007F61FD /* EnviroViewController.swift in Sources */ = {isa = PBXBuildFile; fileRef = 3EB4BF761AFE37A8007F61FD /* EnviroViewController.swift */; };
		3EB4BF791AFF8A9B007F61FD /* PhysicsLabBarViewController.swift in Sources */ = {isa = PBXBuildFile; fileRef = 3EB4BF781AFF8A9A007F61FD /* PhysicsLabBarViewController.swift */; };
		3ECE54F91AFA358F0044275B /* PhysicsLabDataViewController.swift in Sources */ = {isa = PBXBuildFile; fileRef = 3ECE54F81AFA358F0044275B /* PhysicsLabDataViewController.swift */; };
/* End PBXBuildFile section */

/* Begin PBXContainerItemProxy section */
		3E4671D71AF69B96005BC851 /* PBXContainerItemProxy */ = {
			isa = PBXContainerItemProxy;
			containerPortal = 3E4671B91AF69B95005BC851 /* Project object */;
			proxyType = 1;
			remoteGlobalIDString = 3E4671C01AF69B96005BC851;
			remoteInfo = "Physics Lab";
		};
/* End PBXContainerItemProxy section */

/* Begin PBXFileReference section */
		3E1541A41B1B36C000FAE4C8 /* FileViewController.swift */ = {isa = PBXFileReference; fileEncoding = 4; lastKnownFileType = sourcecode.swift; path = FileViewController.swift; sourceTree = "<group>"; };
		3E1541A61B1DD9F000FAE4C8 /* EmailViewController.swift */ = {isa = PBXFileReference; fileEncoding = 4; lastKnownFileType = sourcecode.swift; path = EmailViewController.swift; sourceTree = "<group>"; };
		3E2111B51B00AF2400DB2AF8 /* AdminViewController.swift */ = {isa = PBXFileReference; fileEncoding = 4; lastKnownFileType = sourcecode.swift; path = AdminViewController.swift; sourceTree = "<group>"; };
		3E2111B71B06238500DB2AF8 /* DashboardViewController.swift */ = {isa = PBXFileReference; fileEncoding = 4; lastKnownFileType = sourcecode.swift; path = DashboardViewController.swift; sourceTree = "<group>"; };
		3E2111B91B0623E600DB2AF8 /* GaugeView.swift */ = {isa = PBXFileReference; fileEncoding = 4; lastKnownFileType = sourcecode.swift; path = GaugeView.swift; sourceTree = "<group>"; };
		3E4671C11AF69B96005BC851 /* Newtons Attic.app */ = {isa = PBXFileReference; explicitFileType = wrapper.application; includeInIndex = 0; path = "Newtons Attic.app"; sourceTree = BUILT_PRODUCTS_DIR; };
		3E4671C51AF69B96005BC851 /* Info.plist */ = {isa = PBXFileReference; lastKnownFileType = text.plist.xml; path = Info.plist; sourceTree = "<group>"; };
		3E4671C61AF69B96005BC851 /* AppDelegate.swift */ = {isa = PBXFileReference; lastKnownFileType = sourcecode.swift; path = AppDelegate.swift; sourceTree = "<group>"; };
		3E4671C81AF69B96005BC851 /* MainViewController.swift */ = {isa = PBXFileReference; lastKnownFileType = sourcecode.swift; path = MainViewController.swift; sourceTree = "<group>"; };
		3E4671CB1AF69B96005BC851 /* Base */ = {isa = PBXFileReference; lastKnownFileType = file.storyboard; name = Base; path = Base.lproj/Main.storyboard; sourceTree = "<group>"; };
		3E4671CD1AF69B96005BC851 /* Images.xcassets */ = {isa = PBXFileReference; lastKnownFileType = folder.assetcatalog; path = Images.xcassets; sourceTree = "<group>"; };
		3E4671D01AF69B96005BC851 /* Base */ = {isa = PBXFileReference; lastKnownFileType = file.xib; name = Base; path = Base.lproj/LaunchScreen.xib; sourceTree = "<group>"; };
		3E4671D61AF69B96005BC851 /* Newtons Attic Tests.xctest */ = {isa = PBXFileReference; explicitFileType = wrapper.cfbundle; includeInIndex = 0; path = "Newtons Attic Tests.xctest"; sourceTree = BUILT_PRODUCTS_DIR; };
		3E4671E61AF69D94005BC851 /* PhysicsLab.swift */ = {isa = PBXFileReference; fileEncoding = 4; lastKnownFileType = sourcecode.swift; path = PhysicsLab.swift; sourceTree = "<group>"; };
		3E4671E81AF69DE1005BC851 /* BlueToothNeighborhood.swift */ = {isa = PBXFileReference; fileEncoding = 4; lastKnownFileType = sourcecode.swift; path = BlueToothNeighborhood.swift; sourceTree = "<group>"; };
		3E4671EE1AF8E56F005BC851 /* BleDevice.swift */ = {isa = PBXFileReference; fileEncoding = 4; lastKnownFileType = sourcecode.swift; path = BleDevice.swift; sourceTree = "<group>"; };
		3E48DED51B0F5BAF0021AE72 /* GraphViewController.swift */ = {isa = PBXFileReference; fileEncoding = 4; lastKnownFileType = sourcecode.swift; path = GraphViewController.swift; sourceTree = "<group>"; };
		3E48DED71B0F5D4F0021AE72 /* CartHistory.swift */ = {isa = PBXFileReference; fileEncoding = 4; lastKnownFileType = sourcecode.swift; path = CartHistory.swift; sourceTree = "<group>"; };
		3E48DEDA1B0F93DE0021AE72 /* GraphView.swift */ = {isa = PBXFileReference; fileEncoding = 4; lastKnownFileType = sourcecode.swift; path = GraphView.swift; sourceTree = "<group>"; };
		3E8386C11B2C8E0E000D6341 /* Newtons-AtticTests.swift */ = {isa = PBXFileReference; fileEncoding = 4; lastKnownFileType = sourcecode.swift; path = "Newtons-AtticTests.swift"; sourceTree = "<group>"; };
		3E8386C31B2C8E5F000D6341 /* Info.plist */ = {isa = PBXFileReference; fileEncoding = 4; lastKnownFileType = text.plist.xml; path = Info.plist; sourceTree = "<group>"; };
		3EB4BF761AFE37A8007F61FD /* EnviroViewController.swift */ = {isa = PBXFileReference; fileEncoding = 4; lastKnownFileType = sourcecode.swift; path = EnviroViewController.swift; sourceTree = "<group>"; };
		3EB4BF781AFF8A9A007F61FD /* PhysicsLabBarViewController.swift */ = {isa = PBXFileReference; fileEncoding = 4; lastKnownFileType = sourcecode.swift; path = PhysicsLabBarViewController.swift; sourceTree = "<group>"; };
		3ECE54F81AFA358F0044275B /* PhysicsLabDataViewController.swift */ = {isa = PBXFileReference; fileEncoding = 4; lastKnownFileType = sourcecode.swift; path = PhysicsLabDataViewController.swift; sourceTree = "<group>"; };
/* End PBXFileReference section */

/* Begin PBXFrameworksBuildPhase section */
		3E4671BE1AF69B96005BC851 /* Frameworks */ = {
			isa = PBXFrameworksBuildPhase;
			buildActionMask = 2147483647;
			files = (
			);
			runOnlyForDeploymentPostprocessing = 0;
		};
		3E4671D31AF69B96005BC851 /* Frameworks */ = {
			isa = PBXFrameworksBuildPhase;
			buildActionMask = 2147483647;
			files = (
			);
			runOnlyForDeploymentPostprocessing = 0;
		};
/* End PBXFrameworksBuildPhase section */

/* Begin PBXGroup section */
		3E4671B81AF69B95005BC851 = {
			isa = PBXGroup;
			children = (
				3E4671C31AF69B96005BC851 /* Newtons Attic */,
				3E8386C51B2C8E74000D6341 /* Newtons Attic Tests */,
				3E4671C21AF69B96005BC851 /* Products */,
			);
			sourceTree = "<group>";
		};
		3E4671C21AF69B96005BC851 /* Products */ = {
			isa = PBXGroup;
			children = (
				3E4671C11AF69B96005BC851 /* Newtons Attic.app */,
				3E4671D61AF69B96005BC851 /* Newtons Attic Tests.xctest */,
			);
			name = Products;
			sourceTree = "<group>";
		};
		3E4671C31AF69B96005BC851 /* Newtons Attic */ = {
			isa = PBXGroup;
			children = (
				3E4671CA1AF69B96005BC851 /* Main.storyboard */,
				3E1541A61B1DD9F000FAE4C8 /* EmailViewController.swift */,
				3E1541A41B1B36C000FAE4C8 /* FileViewController.swift */,
				3E48DED51B0F5BAF0021AE72 /* GraphViewController.swift */,
				3E2111B71B06238500DB2AF8 /* DashboardViewController.swift */,
				3E2111B51B00AF2400DB2AF8 /* AdminViewController.swift */,
				3E4671C81AF69B96005BC851 /* MainViewController.swift */,
				3EB4BF761AFE37A8007F61FD /* EnviroViewController.swift */,
				3ECE54F81AFA358F0044275B /* PhysicsLabDataViewController.swift */,
				3EB4BF781AFF8A9A007F61FD /* PhysicsLabBarViewController.swift */,
				3E2111B91B0623E600DB2AF8 /* GaugeView.swift */,
				3E4671EE1AF8E56F005BC851 /* BleDevice.swift */,
				3E4671E81AF69DE1005BC851 /* BlueToothNeighborhood.swift */,
				3E4671E61AF69D94005BC851 /* PhysicsLab.swift */,
				3E48DED71B0F5D4F0021AE72 /* CartHistory.swift */,
				3E48DEDA1B0F93DE0021AE72 /* GraphView.swift */,
				3E4671CD1AF69B96005BC851 /* Images.xcassets */,
				3E4671CF1AF69B96005BC851 /* LaunchScreen.xib */,
				3E4671C41AF69B96005BC851 /* Supporting Files */,
			);
			name = "Newtons Attic";
			path = "Physics Lab";
			sourceTree = "<group>";
		};
		3E4671C41AF69B96005BC851 /* Supporting Files */ = {
			isa = PBXGroup;
			children = (
				3E4671C61AF69B96005BC851 /* AppDelegate.swift */,
				3E4671C51AF69B96005BC851 /* Info.plist */,
			);
			name = "Supporting Files";
			sourceTree = "<group>";
		};
		3E8386C51B2C8E74000D6341 /* Newtons Attic Tests */ = {
			isa = PBXGroup;
			children = (
				3E8386C11B2C8E0E000D6341 /* Newtons-AtticTests.swift */,
				3E8386C31B2C8E5F000D6341 /* Info.plist */,
			);
			name = "Newtons Attic Tests";
			sourceTree = "<group>";
		};
/* End PBXGroup section */

/* Begin PBXNativeTarget section */
		3E4671C01AF69B96005BC851 /* Newtons Attic */ = {
			isa = PBXNativeTarget;
			buildConfigurationList = 3E4671E01AF69B96005BC851 /* Build configuration list for PBXNativeTarget "Newtons Attic" */;
			buildPhases = (
				3E4671BD1AF69B96005BC851 /* Sources */,
				3E4671BE1AF69B96005BC851 /* Frameworks */,
				3E4671BF1AF69B96005BC851 /* Resources */,
			);
			buildRules = (
			);
			dependencies = (
			);
			name = "Newtons Attic";
			productName = "Physics Lab";
			productReference = 3E4671C11AF69B96005BC851 /* Newtons Attic.app */;
			productType = "com.apple.product-type.application";
		};
		3E4671D51AF69B96005BC851 /* Newtons Attic Tests */ = {
			isa = PBXNativeTarget;
			buildConfigurationList = 3E4671E31AF69B96005BC851 /* Build configuration list for PBXNativeTarget "Newtons Attic Tests" */;
			buildPhases = (
				3E4671D21AF69B96005BC851 /* Sources */,
				3E4671D31AF69B96005BC851 /* Frameworks */,
				3E4671D41AF69B96005BC851 /* Resources */,
			);
			buildRules = (
			);
			dependencies = (
				3E4671D81AF69B96005BC851 /* PBXTargetDependency */,
			);
			name = "Newtons Attic Tests";
			productName = "Physics LabTests";
			productReference = 3E4671D61AF69B96005BC851 /* Newtons Attic Tests.xctest */;
			productType = "com.apple.product-type.bundle.unit-test";
		};
/* End PBXNativeTarget section */

/* Begin PBXProject section */
		3E4671B91AF69B95005BC851 /* Project object */ = {
			isa = PBXProject;
			attributes = {
				LastUpgradeCheck = 0630;
				ORGANIZATIONNAME = "Elkhorn Creek Engineering";
				TargetAttributes = {
					3E4671C01AF69B96005BC851 = {
						CreatedOnToolsVersion = 6.3.1;
						DevelopmentTeam = 32XGC4ZC37;
					};
					3E4671D51AF69B96005BC851 = {
						CreatedOnToolsVersion = 6.3.1;
						TestTargetID = 3E4671C01AF69B96005BC851;
					};
				};
			};
			buildConfigurationList = 3E4671BC1AF69B95005BC851 /* Build configuration list for PBXProject "Newtons Attic" */;
			compatibilityVersion = "Xcode 3.2";
			developmentRegion = English;
			hasScannedForEncodings = 0;
			knownRegions = (
				en,
				Base,
			);
			mainGroup = 3E4671B81AF69B95005BC851;
			productRefGroup = 3E4671C21AF69B96005BC851 /* Products */;
			projectDirPath = "";
			projectRoot = "";
			targets = (
				3E4671C01AF69B96005BC851 /* Newtons Attic */,
				3E4671D51AF69B96005BC851 /* Newtons Attic Tests */,
			);
		};
/* End PBXProject section */

/* Begin PBXResourcesBuildPhase section */
		3E4671BF1AF69B96005BC851 /* Resources */ = {
			isa = PBXResourcesBuildPhase;
			buildActionMask = 2147483647;
			files = (
				3E4671CC1AF69B96005BC851 /* Main.storyboard in Resources */,
				3E4671D11AF69B96005BC851 /* LaunchScreen.xib in Resources */,
				3E4671CE1AF69B96005BC851 /* Images.xcassets in Resources */,
			);
			runOnlyForDeploymentPostprocessing = 0;
		};
		3E4671D41AF69B96005BC851 /* Resources */ = {
			isa = PBXResourcesBuildPhase;
			buildActionMask = 2147483647;
			files = (
				3E8386C41B2C8E5F000D6341 /* Info.plist in Resources */,
			);
			runOnlyForDeploymentPostprocessing = 0;
		};
/* End PBXResourcesBuildPhase section */

/* Begin PBXSourcesBuildPhase section */
		3E4671BD1AF69B96005BC851 /* Sources */ = {
			isa = PBXSourcesBuildPhase;
			buildActionMask = 2147483647;
			files = (
				3E4671E91AF69DE1005BC851 /* BlueToothNeighborhood.swift in Sources */,
				3E1541A51B1B36C000FAE4C8 /* FileViewController.swift in Sources */,
				3E4671C91AF69B96005BC851 /* MainViewController.swift in Sources */,
				3E1541A71B1DD9F000FAE4C8 /* EmailViewController.swift in Sources */,
				3ECE54F91AFA358F0044275B /* PhysicsLabDataViewController.swift in Sources */,
				3E4671E71AF69D94005BC851 /* PhysicsLab.swift in Sources */,
				3E4671EF1AF8E56F005BC851 /* BleDevice.swift in Sources */,
				3E48DEDC1B0F93DE0021AE72 /* GraphView.swift in Sources */,
				3E4671C71AF69B96005BC851 /* AppDelegate.swift in Sources */,
				3E48DED61B0F5BAF0021AE72 /* GraphViewController.swift in Sources */,
				3EB4BF771AFE37A8007F61FD /* EnviroViewController.swift in Sources */,
				3E2111B81B06238500DB2AF8 /* DashboardViewController.swift in Sources */,
				3E48DED81B0F5D4F0021AE72 /* CartHistory.swift in Sources */,
				3E2111B61B00AF2400DB2AF8 /* AdminViewController.swift in Sources */,
				3E2111BA1B0623E600DB2AF8 /* GaugeView.swift in Sources */,
				3EB4BF791AFF8A9B007F61FD /* PhysicsLabBarViewController.swift in Sources */,
			);
			runOnlyForDeploymentPostprocessing = 0;
		};
		3E4671D21AF69B96005BC851 /* Sources */ = {
			isa = PBXSourcesBuildPhase;
			buildActionMask = 2147483647;
			files = (
				3E8386C21B2C8E0E000D6341 /* Newtons-AtticTests.swift in Sources */,
			);
			runOnlyForDeploymentPostprocessing = 0;
		};
/* End PBXSourcesBuildPhase section */

/* Begin PBXTargetDependency section */
		3E4671D81AF69B96005BC851 /* PBXTargetDependency */ = {
			isa = PBXTargetDependency;
			target = 3E4671C01AF69B96005BC851 /* Newtons Attic */;
			targetProxy = 3E4671D71AF69B96005BC851 /* PBXContainerItemProxy */;
		};
/* End PBXTargetDependency section */

/* Begin PBXVariantGroup section */
		3E4671CA1AF69B96005BC851 /* Main.storyboard */ = {
			isa = PBXVariantGroup;
			children = (
				3E4671CB1AF69B96005BC851 /* Base */,
			);
			name = Main.storyboard;
			sourceTree = "<group>";
		};
		3E4671CF1AF69B96005BC851 /* LaunchScreen.xib */ = {
			isa = PBXVariantGroup;
			children = (
				3E4671D01AF69B96005BC851 /* Base */,
			);
			name = LaunchScreen.xib;
			sourceTree = "<group>";
		};
/* End PBXVariantGroup section */

/* Begin XCBuildConfiguration section */
		3E4671DE1AF69B96005BC851 /* Debug */ = {
			isa = XCBuildConfiguration;
			buildSettings = {
				ALWAYS_SEARCH_USER_PATHS = NO;
				CLANG_CXX_LANGUAGE_STANDARD = "gnu++0x";
				CLANG_CXX_LIBRARY = "libc++";
				CLANG_ENABLE_MODULES = YES;
				CLANG_ENABLE_OBJC_ARC = YES;
				CLANG_WARN_BOOL_CONVERSION = YES;
				CLANG_WARN_CONSTANT_CONVERSION = YES;
				CLANG_WARN_DIRECT_OBJC_ISA_USAGE = YES_ERROR;
				CLANG_WARN_EMPTY_BODY = YES;
				CLANG_WARN_ENUM_CONVERSION = YES;
				CLANG_WARN_INT_CONVERSION = YES;
				CLANG_WARN_OBJC_ROOT_CLASS = YES_ERROR;
				CLANG_WARN_UNREACHABLE_CODE = YES;
				CLANG_WARN__DUPLICATE_METHOD_MATCH = YES;
				"CODE_SIGN_IDENTITY[sdk=iphoneos*]" = "iPhone Developer";
				COPY_PHASE_STRIP = NO;
				DEBUG_INFORMATION_FORMAT = "dwarf-with-dsym";
				ENABLE_STRICT_OBJC_MSGSEND = YES;
				GCC_C_LANGUAGE_STANDARD = gnu99;
				GCC_DYNAMIC_NO_PIC = NO;
				GCC_NO_COMMON_BLOCKS = YES;
				GCC_OPTIMIZATION_LEVEL = 0;
				GCC_PREPROCESSOR_DEFINITIONS = (
					"DEBUG=1",
					"$(inherited)",
				);
				GCC_SYMBOLS_PRIVATE_EXTERN = NO;
				GCC_WARN_64_TO_32_BIT_CONVERSION = YES;
				GCC_WARN_ABOUT_RETURN_TYPE = YES_ERROR;
				GCC_WARN_UNDECLARED_SELECTOR = YES;
				GCC_WARN_UNINITIALIZED_AUTOS = YES_AGGRESSIVE;
				GCC_WARN_UNUSED_FUNCTION = YES;
				GCC_WARN_UNUSED_VARIABLE = YES;
				IPHONEOS_DEPLOYMENT_TARGET = 8.3;
				MTL_ENABLE_DEBUG_INFO = YES;
				ONLY_ACTIVE_ARCH = YES;
				SDKROOT = iphoneos;
				SWIFT_OPTIMIZATION_LEVEL = "-Onone";
				TARGETED_DEVICE_FAMILY = "1,2";
			};
			name = Debug;
		};
		3E4671DF1AF69B96005BC851 /* Release */ = {
			isa = XCBuildConfiguration;
			buildSettings = {
				ALWAYS_SEARCH_USER_PATHS = NO;
				CLANG_CXX_LANGUAGE_STANDARD = "gnu++0x";
				CLANG_CXX_LIBRARY = "libc++";
				CLANG_ENABLE_MODULES = YES;
				CLANG_ENABLE_OBJC_ARC = YES;
				CLANG_WARN_BOOL_CONVERSION = YES;
				CLANG_WARN_CONSTANT_CONVERSION = YES;
				CLANG_WARN_DIRECT_OBJC_ISA_USAGE = YES_ERROR;
				CLANG_WARN_EMPTY_BODY = YES;
				CLANG_WARN_ENUM_CONVERSION = YES;
				CLANG_WARN_INT_CONVERSION = YES;
				CLANG_WARN_OBJC_ROOT_CLASS = YES_ERROR;
				CLANG_WARN_UNREACHABLE_CODE = YES;
				CLANG_WARN__DUPLICATE_METHOD_MATCH = YES;
				"CODE_SIGN_IDENTITY[sdk=iphoneos*]" = "iPhone Developer";
				COPY_PHASE_STRIP = NO;
				DEBUG_INFORMATION_FORMAT = "dwarf-with-dsym";
				ENABLE_NS_ASSERTIONS = NO;
				ENABLE_STRICT_OBJC_MSGSEND = YES;
				GCC_C_LANGUAGE_STANDARD = gnu99;
				GCC_NO_COMMON_BLOCKS = YES;
				GCC_WARN_64_TO_32_BIT_CONVERSION = YES;
				GCC_WARN_ABOUT_RETURN_TYPE = YES_ERROR;
				GCC_WARN_UNDECLARED_SELECTOR = YES;
				GCC_WARN_UNINITIALIZED_AUTOS = YES_AGGRESSIVE;
				GCC_WARN_UNUSED_FUNCTION = YES;
				GCC_WARN_UNUSED_VARIABLE = YES;
				IPHONEOS_DEPLOYMENT_TARGET = 8.3;
				MTL_ENABLE_DEBUG_INFO = NO;
				SDKROOT = iphoneos;
				TARGETED_DEVICE_FAMILY = "1,2";
				VALIDATE_PRODUCT = YES;
			};
			name = Release;
		};
		3E4671E11AF69B96005BC851 /* Debug */ = {
			isa = XCBuildConfiguration;
			buildSettings = {
				ASSETCATALOG_COMPILER_APPICON_NAME = AppIcon;
				CODE_SIGN_IDENTITY = "iPhone Developer";
				INFOPLIST_FILE = "Physics Lab/Info.plist";
				IPHONEOS_DEPLOYMENT_TARGET = 8.3;
				LD_RUNPATH_SEARCH_PATHS = "$(inherited) @executable_path/Frameworks";
				PRODUCT_NAME = "$(TARGET_NAME)";
			};
			name = Debug;
		};
		3E4671E21AF69B96005BC851 /* Release */ = {
			isa = XCBuildConfiguration;
			buildSettings = {
				ASSETCATALOG_COMPILER_APPICON_NAME = AppIcon;
				CODE_SIGN_IDENTITY = "iPhone Developer";
				INFOPLIST_FILE = "Physics Lab/Info.plist";
				IPHONEOS_DEPLOYMENT_TARGET = 8.3;
				LD_RUNPATH_SEARCH_PATHS = "$(inherited) @executable_path/Frameworks";
				PRODUCT_NAME = "$(TARGET_NAME)";
			};
			name = Release;
		};
		3E4671E41AF69B96005BC851 /* Debug */ = {
			isa = XCBuildConfiguration;
			buildSettings = {
				BUNDLE_LOADER = "$(TEST_HOST)";
				CLANG_ENABLE_MODULES = YES;
				FRAMEWORK_SEARCH_PATHS = (
					"$(SDKROOT)/Developer/Library/Frameworks",
					"$(inherited)",
				);
				GCC_PREPROCESSOR_DEFINITIONS = (
					"DEBUG=1",
					"$(inherited)",
				);
				INFOPLIST_FILE = "Physics LabTests/Info.plist";
				LD_RUNPATH_SEARCH_PATHS = "$(inherited) @executable_path/Frameworks @loader_path/Frameworks";
				PRODUCT_NAME = "$(TARGET_NAME)";
				SWIFT_OPTIMIZATION_LEVEL = "-Onone";
				TEST_HOST = "$(BUILT_PRODUCTS_DIR)/Newtons Attic.app/Newtons Attic";
			};
			name = Debug;
		};
		3E4671E51AF69B96005BC851 /* Release */ = {
			isa = XCBuildConfiguration;
			buildSettings = {
				BUNDLE_LOADER = "$(TEST_HOST)";
				CLANG_ENABLE_MODULES = YES;
				FRAMEWORK_SEARCH_PATHS = (
					"$(SDKROOT)/Developer/Library/Frameworks",
					"$(inherited)",
				);
				INFOPLIST_FILE = "Physics LabTests/Info.plist";
				LD_RUNPATH_SEARCH_PATHS = "$(inherited) @executable_path/Frameworks @loader_path/Frameworks";
				PRODUCT_NAME = "$(TARGET_NAME)";
				TEST_HOST = "$(BUILT_PRODUCTS_DIR)/Newtons Attic.app/Newtons Attic";
			};
			name = Release;
		};
/* End XCBuildConfiguration section */

/* Begin XCConfigurationList section */
		3E4671BC1AF69B95005BC851 /* Build configuration list for PBXProject "Newtons Attic" */ = {
			isa = XCConfigurationList;
			buildConfigurations = (
				3E4671DE1AF69B96005BC851 /* Debug */,
				3E4671DF1AF69B96005BC851 /* Release */,
			);
			defaultConfigurationIsVisible = 0;
			defaultConfigurationName = Release;
		};
		3E4671E01AF69B96005BC851 /* Build configuration list for PBXNativeTarget "Newtons Attic" */ = {
			isa = XCConfigurationList;
			buildConfigurations = (
				3E4671E11AF69B96005BC851 /* Debug */,
				3E4671E21AF69B96005BC851 /* Release */,
			);
			defaultConfigurationIsVisible = 0;
			defaultConfigurationName = Release;
		};
		3E4671E31AF69B96005BC851 /* Build configuration list for PBXNativeTarget "Newtons Attic Tests" */ = {
			isa = XCConfigurationList;
			buildConfigurations = (
				3E4671E41AF69B96005BC851 /* Debug */,
				3E4671E51AF69B96005BC851 /* Release */,
			);
			defaultConfigurationIsVisible = 0;
			defaultConfigurationName = Release;
		};
/* End XCConfigurationList section */
	};
	rootObject = 3E4671B91AF69B95005BC851 /* Project object */;
}
